<Solution>
  <Folder Name="/Core/">
    <Project Path="Application/Application.csproj" />
    <Project Path="Domain/Domain.csproj" />
  </Folder>
  <Folder Name="/Presistence/">
    <Project Path="Infrastructure/Infrastructure.csproj" />
    <Project Path="Presentation/Presentation.csproj" />
  </Folder>
</Solution>
